
Microsoft Visual Studio Solution File, Format Version 12.00
Project("{2150E333-8FDC-42A3-9474-1A3956D46DE8}") = "src", "src", "{9437E7EA-6228-4C14-BCA1-0A08AC5881F9}"
EndProject
Project("{2150E333-8FDC-42A3-9474-1A3956D46DE8}") = "Solution Items", "Solution Items", "{13F8D75E-6CF7-4D48-A2E4-CF0D435728B2}"
	ProjectSection(SolutionItems) = preProject
		Directory.Build.props = Directory.Build.props
		Directory.Packages.props = Directory.Packages.props
		.editorconfig = .editorconfig
		.gitignore = .gitignore
	EndProjectSection
EndProject
Project("{FAE04EC0-301F-11D3-BF4B-00C04F79EFBC}") = "Gimmie.Console", "src\Gimmie.Console\Gimmie.Console.csproj", "{24465AFD-2460-4123-AD49-C8839EA0D9EB}"
EndProject
Project("{2150E333-8FDC-42A3-9474-1A3956D46DE8}") = "tests", "tests", "{80BBA595-2A83-4C5B-B00B-463A60D00C31}"
EndProject
Project("{FAE04EC0-301F-11D3-BF4B-00C04F79EFBC}") = "Gimmie.Console.Tests", "tests\Gimmie.Console.Tests\Gimmie.Console.Tests.csproj", "{43A4A396-3A95-45AF-B3E0-F3B70D97613F}"
EndProject
Global
	GlobalSection(SolutionConfigurationPlatforms) = preSolution
		Debug|Any CPU = Debug|Any CPU
		Release|Any CPU = Release|Any CPU
	EndGlobalSection
	GlobalSection(NestedProjects) = preSolution
		{24465AFD-2460-4123-AD49-C8839EA0D9EB} = {9437E7EA-6228-4C14-BCA1-0A08AC5881F9}
		{43A4A396-3A95-45AF-B3E0-F3B70D97613F} = {80BBA595-2A83-4C5B-B00B-463A60D00C31}
	EndGlobalSection
	GlobalSection(ProjectConfigurationPlatforms) = postSolution
		{24465AFD-2460-4123-AD49-C8839EA0D9EB}.Debug|Any CPU.ActiveCfg = Debug|Any CPU
		{24465AFD-2460-4123-AD49-C8839EA0D9EB}.Debug|Any CPU.Build.0 = Debug|Any CPU
		{24465AFD-2460-4123-AD49-C8839EA0D9EB}.Release|Any CPU.ActiveCfg = Release|Any CPU
		{24465AFD-2460-4123-AD49-C8839EA0D9EB}.Release|Any CPU.Build.0 = Release|Any CPU
		{43A4A396-3A95-45AF-B3E0-F3B70D97613F}.Debug|Any CPU.ActiveCfg = Debug|Any CPU
		{43A4A396-3A95-45AF-B3E0-F3B70D97613F}.Debug|Any CPU.Build.0 = Debug|Any CPU
		{43A4A396-3A95-45AF-B3E0-F3B70D97613F}.Release|Any CPU.ActiveCfg = Release|Any CPU
		{43A4A396-3A95-45AF-B3E0-F3B70D97613F}.Release|Any CPU.Build.0 = Release|Any CPU
	EndGlobalSection
EndGlobal
